
Microsoft Visual Studio Solution File, Format Version 12.00
# Visual Studio Version 17
VisualStudioVersion = 17.3.32922.545
MinimumVisualStudioVersion = 10.0.40219.1
Project("{FAE04EC0-301F-11D3-BF4B-00C04F79EFBC}") = "MegaDesk-WebApp", "MegaDesk-WebApp.csproj", "{ECEFDCB5-9753-4864-BA9B-F24C2901A498}"
EndProject
Global
	GlobalSection(SolutionConfigurationPlatforms) = preSolution
		Debug|Any CPU = Debug|Any CPU
		Release|Any CPU = Release|Any CPU
	EndGlobalSection
	GlobalSection(ProjectConfigurationPlatforms) = postSolution
		{ECEFDCB5-9753-4864-BA9B-F24C2901A498}.Debug|Any CPU.ActiveCfg = Debug|Any CPU
		{ECEFDCB5-9753-4864-BA9B-F24C2901A498}.Debug|Any CPU.Build.0 = Debug|Any CPU
		{ECEFDCB5-9753-4864-BA9B-F24C2901A498}.Release|Any CPU.ActiveCfg = Release|Any CPU
		{ECEFDCB5-9753-4864-BA9B-F24C2901A498}.Release|Any CPU.Build.0 = Release|Any CPU
	EndGlobalSection
	GlobalSection(SolutionProperties) = preSolution
		HideSolutionNode = FALSE
	EndGlobalSection
	GlobalSection(ExtensibilityGlobals) = postSolution
		SolutionGuid = {DC1D00FC-B6F0-4576-A0ED-3B2EDD70620A}
	EndGlobalSection
EndGlobal
